# This file is automatically @generated by Cargo.
# It is not intended for manual editing.
version = 4

[[package]]
name = "bitflags"
version = "2.10.0"
source = "registry+https://github.com/rust-lang/crates.io-index"
checksum = "812e12b5285cc515a9c72a5c1d3b6d46a19dac5acfef5265968c166106e31dd3"

[[package]]
name = "lccc-targets"
version = "0.1.0"
dependencies = [
 "bitflags",
 "target-tuples",
]

[[package]]
name = "target-tuple-pieces"
version = "0.16.1"
source = "registry+https://github.com/rust-lang/crates.io-index"
checksum = "acc3454e2d269cab6e053ee68d9d83699c3f078aee2af8bb9fd58536a4537382"

[[package]]
name = "target-tuples"
version = "0.16.1"
source = "registry+https://github.com/rust-lang/crates.io-index"
checksum = "ac3b3205e0795381490fd9345c66014572757f1ded6a52c6b8357b8cdfd3cd13"
dependencies = [
 "target-tuple-pieces",
 "target-tuples-macro",
]

[[package]]
name = "target-tuples-macro"
version = "0.2.0"
source = "registry+https://github.com/rust-lang/crates.io-index"
checksum = "c51ba3aab86f5e6b3ba87d598c9afa40c5cba99e6f15f4d16c266475b3dd3837"
dependencies = [
 "target-tuple-pieces",
]
