# This file is automatically @generated by Cargo.
# It is not intended for manual editing.
version = 4

[[package]]
name = "bitflags"
version = "2.10.0"
source = "registry+https://github.com/rust-lang/crates.io-index"
checksum = "812e12b5285cc515a9c72a5c1d3b6d46a19dac5acfef5265968c166106e31dd3"

[[package]]
name = "lccc-targets"
version = "0.1.0"
dependencies = [
 "bitflags",
 "target-tuples",
]

[[package]]
name = "target-tuple-pieces"
version = "0.16.0"
source = "registry+https://github.com/rust-lang/crates.io-index"
checksum = "d338c509912e8b9160bef265e5c51c97e2003dc685f12c284c801acff3102893"

[[package]]
name = "target-tuples"
version = "0.16.0"
source = "registry+https://github.com/rust-lang/crates.io-index"
checksum = "e60b420a8644a7d5edb4dcb3041490298863e05f14da6b11614e08a5f0fad207"
dependencies = [
 "target-tuple-pieces",
 "target-tuples-macro",
]

[[package]]
name = "target-tuples-macro"
version = "0.1.0"
source = "registry+https://github.com/rust-lang/crates.io-index"
checksum = "cc1f6cc6aeffa5004ecd92a138885d33760401ee1ecb538174a387c3a8d85ba1"
dependencies = [
 "target-tuple-pieces",
]
